
Microsoft Visual Studio Solution File, Format Version 11.00
# Visual Studio 2010
Project("{8BC9CEB8-8B4A-11D0-8D11-00A0C91BC942}") = "Soukoban", "Soukoban.vcxproj", "{885B14FC-88BB-44BB-AF37-B9DAAA9BAA91}"
EndProject
Global
	GlobalSection(SolutionConfigurationPlatforms) = preSolution
		Debug|Win32 = Debug|Win32
		Release|Win32 = Release|Win32
	EndGlobalSection
	GlobalSection(ProjectConfigurationPlatforms) = postSolution
		{885B14FC-88BB-44BB-AF37-B9DAAA9BAA91}.Debug|Win32.ActiveCfg = Debug|Win32
		{885B14FC-88BB-44BB-AF37-B9DAAA9BAA91}.Debug|Win32.Build.0 = Debug|Win32
		{885B14FC-88BB-44BB-AF37-B9DAAA9BAA91}.Release|Win32.ActiveCfg = Release|Win32
		{885B14FC-88BB-44BB-AF37-B9DAAA9BAA91}.Release|Win32.Build.0 = Release|Win32
	EndGlobalSection
	GlobalSection(SolutionProperties) = preSolution
		HideSolutionNode = FALSE
	EndGlobalSection
EndGlobal
